
Microsoft Visual Studio Solution File, Format Version 12.00
# Visual Studio Version 16
VisualStudioVersion = 16.0.30114.105
MinimumVisualStudioVersion = 10.0.40219.1
Project("{FAE04EC0-301F-11D3-BF4B-00C04F79EFBC}") = "RomanNumerals", "RomanNumerals\RomanNumerals.csproj", "{C58EEB92-AA9C-4DC9-A170-24A2115FCA3E}"
EndProject
Project("{FAE04EC0-301F-11D3-BF4B-00C04F79EFBC}") = "RomanNumerals.Tests", "RomanNumerals.Tests\RomanNumerals.Tests.csproj", "{B2751466-E84E-4BE9-8694-C12F03768619}"
EndProject
Global
	GlobalSection(SolutionConfigurationPlatforms) = preSolution
		Debug|Any CPU = Debug|Any CPU
		Release|Any CPU = Release|Any CPU
	EndGlobalSection
	GlobalSection(SolutionProperties) = preSolution
		HideSolutionNode = FALSE
	EndGlobalSection
	GlobalSection(ProjectConfigurationPlatforms) = postSolution
		{C58EEB92-AA9C-4DC9-A170-24A2115FCA3E}.Debug|Any CPU.ActiveCfg = Debug|Any CPU
		{C58EEB92-AA9C-4DC9-A170-24A2115FCA3E}.Debug|Any CPU.Build.0 = Debug|Any CPU
		{C58EEB92-AA9C-4DC9-A170-24A2115FCA3E}.Release|Any CPU.ActiveCfg = Release|Any CPU
		{C58EEB92-AA9C-4DC9-A170-24A2115FCA3E}.Release|Any CPU.Build.0 = Release|Any CPU
		{B2751466-E84E-4BE9-8694-C12F03768619}.Debug|Any CPU.ActiveCfg = Debug|Any CPU
		{B2751466-E84E-4BE9-8694-C12F03768619}.Debug|Any CPU.Build.0 = Debug|Any CPU
		{B2751466-E84E-4BE9-8694-C12F03768619}.Release|Any CPU.ActiveCfg = Release|Any CPU
		{B2751466-E84E-4BE9-8694-C12F03768619}.Release|Any CPU.Build.0 = Release|Any CPU
	EndGlobalSection
EndGlobal
